
Microsoft Visual Studio Solution File, Format Version 12.00
# Visual Studio Version 17
VisualStudioVersion = 17.10.35122.118
MinimumVisualStudioVersion = 10.0.40219.1
Project("{FAE04EC0-301F-11D3-BF4B-00C04F79EFBC}") = "AppAdmin.Android", "AppAdmin\AppAdmin.Android\AppAdmin.Android.csproj", "{6A6163DC-3228-4EF2-8C1D-3998B7231F1C}"
EndProject
Project("{FAE04EC0-301F-11D3-BF4B-00C04F79EFBC}") = "AppAdmin.iOS", "AppAdmin\AppAdmin.iOS\AppAdmin.iOS.csproj", "{5D0909CF-1D15-4CFD-B4EE-180615D0C32B}"
EndProject
Project("{FAE04EC0-301F-11D3-BF4B-00C04F79EFBC}") = "AppAdmin", "AppAdmin\AppAdmin\AppAdmin.csproj", "{8EB1D450-B927-4D62-91A5-403EF3455F2A}"
EndProject
Global
	GlobalSection(SolutionConfigurationPlatforms) = preSolution
		Debug|Any CPU = Debug|Any CPU
		Debug|iPhone = Debug|iPhone
		Debug|iPhoneSimulator = Debug|iPhoneSimulator
		Release|Any CPU = Release|Any CPU
		Release|iPhone = Release|iPhone
		Release|iPhoneSimulator = Release|iPhoneSimulator
	EndGlobalSection
	GlobalSection(ProjectConfigurationPlatforms) = postSolution
		{6A6163DC-3228-4EF2-8C1D-3998B7231F1C}.Debug|Any CPU.ActiveCfg = Debug|Any CPU
		{6A6163DC-3228-4EF2-8C1D-3998B7231F1C}.Debug|Any CPU.Build.0 = Debug|Any CPU
		{6A6163DC-3228-4EF2-8C1D-3998B7231F1C}.Debug|Any CPU.Deploy.0 = Debug|Any CPU
		{6A6163DC-3228-4EF2-8C1D-3998B7231F1C}.Debug|iPhone.ActiveCfg = Debug|Any CPU
		{6A6163DC-3228-4EF2-8C1D-3998B7231F1C}.Debug|iPhone.Build.0 = Debug|Any CPU
		{6A6163DC-3228-4EF2-8C1D-3998B7231F1C}.Debug|iPhone.Deploy.0 = Debug|Any CPU
		{6A6163DC-3228-4EF2-8C1D-3998B7231F1C}.Debug|iPhoneSimulator.ActiveCfg = Debug|Any CPU
		{6A6163DC-3228-4EF2-8C1D-3998B7231F1C}.Debug|iPhoneSimulator.Build.0 = Debug|Any CPU
		{6A6163DC-3228-4EF2-8C1D-3998B7231F1C}.Debug|iPhoneSimulator.Deploy.0 = Debug|Any CPU
		{6A6163DC-3228-4EF2-8C1D-3998B7231F1C}.Release|Any CPU.ActiveCfg = Release|Any CPU
		{6A6163DC-3228-4EF2-8C1D-3998B7231F1C}.Release|Any CPU.Build.0 = Release|Any CPU
		{6A6163DC-3228-4EF2-8C1D-3998B7231F1C}.Release|Any CPU.Deploy.0 = Release|Any CPU
		{6A6163DC-3228-4EF2-8C1D-3998B7231F1C}.Release|iPhone.ActiveCfg = Release|Any CPU
		{6A6163DC-3228-4EF2-8C1D-3998B7231F1C}.Release|iPhone.Build.0 = Release|Any CPU
		{6A6163DC-3228-4EF2-8C1D-3998B7231F1C}.Release|iPhone.Deploy.0 = Release|Any CPU
		{6A6163DC-3228-4EF2-8C1D-3998B7231F1C}.Release|iPhoneSimulator.ActiveCfg = Release|Any CPU
		{6A6163DC-3228-4EF2-8C1D-3998B7231F1C}.Release|iPhoneSimulator.Build.0 = Release|Any CPU
		{6A6163DC-3228-4EF2-8C1D-3998B7231F1C}.Release|iPhoneSimulator.Deploy.0 = Release|Any CPU
		{5D0909CF-1D15-4CFD-B4EE-180615D0C32B}.Debug|Any CPU.ActiveCfg = Debug|iPhone
		{5D0909CF-1D15-4CFD-B4EE-180615D0C32B}.Debug|Any CPU.Build.0 = Debug|iPhone
		{5D0909CF-1D15-4CFD-B4EE-180615D0C32B}.Debug|Any CPU.Deploy.0 = Debug|iPhone
		{5D0909CF-1D15-4CFD-B4EE-180615D0C32B}.Debug|iPhone.ActiveCfg = Debug|iPhone
		{5D0909CF-1D15-4CFD-B4EE-180615D0C32B}.Debug|iPhone.Build.0 = Debug|iPhone
		{5D0909CF-1D15-4CFD-B4EE-180615D0C32B}.Debug|iPhone.Deploy.0 = Debug|iPhone
		{5D0909CF-1D15-4CFD-B4EE-180615D0C32B}.Debug|iPhoneSimulator.ActiveCfg = Debug|iPhoneSimulator
		{5D0909CF-1D15-4CFD-B4EE-180615D0C32B}.Debug|iPhoneSimulator.Build.0 = Debug|iPhoneSimulator
		{5D0909CF-1D15-4CFD-B4EE-180615D0C32B}.Debug|iPhoneSimulator.Deploy.0 = Debug|iPhoneSimulator
		{5D0909CF-1D15-4CFD-B4EE-180615D0C32B}.Release|Any CPU.ActiveCfg = Release|iPhoneSimulator
		{5D0909CF-1D15-4CFD-B4EE-180615D0C32B}.Release|Any CPU.Build.0 = Release|iPhoneSimulator
		{5D0909CF-1D15-4CFD-B4EE-180615D0C32B}.Release|Any CPU.Deploy.0 = Release|iPhoneSimulator
		{5D0909CF-1D15-4CFD-B4EE-180615D0C32B}.Release|iPhone.ActiveCfg = Release|iPhone
		{5D0909CF-1D15-4CFD-B4EE-180615D0C32B}.Release|iPhone.Build.0 = Release|iPhone
		{5D0909CF-1D15-4CFD-B4EE-180615D0C32B}.Release|iPhone.Deploy.0 = Release|iPhone
		{5D0909CF-1D15-4CFD-B4EE-180615D0C32B}.Release|iPhoneSimulator.ActiveCfg = Release|iPhoneSimulator
		{5D0909CF-1D15-4CFD-B4EE-180615D0C32B}.Release|iPhoneSimulator.Build.0 = Release|iPhoneSimulator
		{5D0909CF-1D15-4CFD-B4EE-180615D0C32B}.Release|iPhoneSimulator.Deploy.0 = Release|iPhoneSimulator
		{8EB1D450-B927-4D62-91A5-403EF3455F2A}.Debug|Any CPU.ActiveCfg = Debug|Any CPU
		{8EB1D450-B927-4D62-91A5-403EF3455F2A}.Debug|Any CPU.Build.0 = Debug|Any CPU
		{8EB1D450-B927-4D62-91A5-403EF3455F2A}.Debug|Any CPU.Deploy.0 = Debug|Any CPU
		{8EB1D450-B927-4D62-91A5-403EF3455F2A}.Debug|iPhone.ActiveCfg = Debug|Any CPU
		{8EB1D450-B927-4D62-91A5-403EF3455F2A}.Debug|iPhone.Build.0 = Debug|Any CPU
		{8EB1D450-B927-4D62-91A5-403EF3455F2A}.Debug|iPhone.Deploy.0 = Debug|Any CPU
		{8EB1D450-B927-4D62-91A5-403EF3455F2A}.Debug|iPhoneSimulator.ActiveCfg = Debug|Any CPU
		{8EB1D450-B927-4D62-91A5-403EF3455F2A}.Debug|iPhoneSimulator.Build.0 = Debug|Any CPU
		{8EB1D450-B927-4D62-91A5-403EF3455F2A}.Debug|iPhoneSimulator.Deploy.0 = Debug|Any CPU
		{8EB1D450-B927-4D62-91A5-403EF3455F2A}.Release|Any CPU.ActiveCfg = Release|Any CPU
		{8EB1D450-B927-4D62-91A5-403EF3455F2A}.Release|Any CPU.Build.0 = Release|Any CPU
		{8EB1D450-B927-4D62-91A5-403EF3455F2A}.Release|Any CPU.Deploy.0 = Release|Any CPU
		{8EB1D450-B927-4D62-91A5-403EF3455F2A}.Release|iPhone.ActiveCfg = Release|Any CPU
		{8EB1D450-B927-4D62-91A5-403EF3455F2A}.Release|iPhone.Build.0 = Release|Any CPU
		{8EB1D450-B927-4D62-91A5-403EF3455F2A}.Release|iPhone.Deploy.0 = Release|Any CPU
		{8EB1D450-B927-4D62-91A5-403EF3455F2A}.Release|iPhoneSimulator.ActiveCfg = Release|Any CPU
		{8EB1D450-B927-4D62-91A5-403EF3455F2A}.Release|iPhoneSimulator.Build.0 = Release|Any CPU
		{8EB1D450-B927-4D62-91A5-403EF3455F2A}.Release|iPhoneSimulator.Deploy.0 = Release|Any CPU
	EndGlobalSection
	GlobalSection(SolutionProperties) = preSolution
		HideSolutionNode = FALSE
	EndGlobalSection
	GlobalSection(ExtensibilityGlobals) = postSolution
		SolutionGuid = {D7572C38-C037-425B-9EF6-C6A5A25682FA}
	EndGlobalSection
EndGlobal
